
Microsoft Visual Studio Solution File, Format Version 12.00
# Visual Studio Version 17
VisualStudioVersion = 17.0.31903.59
MinimumVisualStudioVersion = 10.0.40219.1
Project("{FAE04EC0-301F-11D3-BF4B-00C04F79EFBC}") = "SemanticKernel.Orchestration", "SemanticKernel.Orchestration\SemanticKernel.Orchestration.csproj", "{A47206D5-44B5-49AB-ACAB-E954042F6DC7}"
EndProject
Project("{FAE04EC0-301F-11D3-BF4B-00C04F79EFBC}") = "SemanticKernel.Orchestration.Tests", "SemanticKernel.Orchestration.Tests\SemanticKernel.Orchestration.Tests.csproj", "{CA90E72C-E838-4D9D-B3D0-20FFB47071F2}"
EndProject
Global
	GlobalSection(SolutionConfigurationPlatforms) = preSolution
		Debug|Any CPU = Debug|Any CPU
		Release|Any CPU = Release|Any CPU
	EndGlobalSection
	GlobalSection(SolutionProperties) = preSolution
		HideSolutionNode = FALSE
	EndGlobalSection
	GlobalSection(ExtensibilityGlobals) = postSolution
		SolutionGuid = {1A4E05C1-D106-4A8E-B65C-FF2E3E51D1C6}
	EndGlobalSection
	GlobalSection(ProjectConfigurationPlatforms) = postSolution
		{A47206D5-44B5-49AB-ACAB-E954042F6DC7}.Debug|Any CPU.ActiveCfg = Debug|Any CPU
		{A47206D5-44B5-49AB-ACAB-E954042F6DC7}.Debug|Any CPU.Build.0 = Debug|Any CPU
		{A47206D5-44B5-49AB-ACAB-E954042F6DC7}.Release|Any CPU.ActiveCfg = Release|Any CPU
		{A47206D5-44B5-49AB-ACAB-E954042F6DC7}.Release|Any CPU.Build.0 = Release|Any CPU
		{CA90E72C-E838-4D9D-B3D0-20FFB47071F2}.Debug|Any CPU.ActiveCfg = Debug|Any CPU
		{CA90E72C-E838-4D9D-B3D0-20FFB47071F2}.Debug|Any CPU.Build.0 = Debug|Any CPU
		{CA90E72C-E838-4D9D-B3D0-20FFB47071F2}.Release|Any CPU.ActiveCfg = Release|Any CPU
		{CA90E72C-E838-4D9D-B3D0-20FFB47071F2}.Release|Any CPU.Build.0 = Release|Any CPU
	EndGlobalSection
EndGlobal
